<?xml version="1.0" encoding="utf-8"?>
<Project ToolsVersion="4.0" xmlns="http://schemas.microsoft.com/developer/msbuild/2003">
  <ItemGroup>
    <Filter Include="소스 파일">
      <UniqueIdentifier>{4FC737F1-C7A5-4376-A066-2A32D752A2FF}</UniqueIdentifier>
      <Extensions>cpp;c;cc;cxx;c++;cppm;ixx;def;odl;idl;hpj;bat;asm;asmx</Extensions>
    </Filter>
    <Filter Include="헤더 파일">
      <UniqueIdentifier>{93995380-89BD-4b04-88EB-625FBE52EBFB}</UniqueIdentifier>
      <Extensions>h;hh;hpp;hxx;h++;hm;inl;inc;ipp;xsd</Extensions>
    </Filter>
    <Filter Include="리소스 파일">
      <UniqueIdentifier>{67DA6AB6-F800-4c08-8B7A-83BB121AAD01}</UniqueIdentifier>
      <Extensions>rc;ico;cur;bmp;dlg;rc2;rct;bin;rgs;gif;jpg;jpeg;jpe;resx;tiff;tif;png;wav;mfcribbon-ms</Extensions>
    </Filter>
    <Filter Include="210428">
      <UniqueIdentifier>{231f9f0b-e25c-4045-80ba-4e2091e8f122}</UniqueIdentifier>
    </Filter>
    <Filter Include="210428\2DGameFramework">
      <UniqueIdentifier>{57dcaaec-e886-4f0b-84e1-d3fe9db2a8e2}</UniqueIdentifier>
    </Filter>
    <Filter Include="210428\2DGameFramework\Manager">
      <UniqueIdentifier>{92754c2c-139f-4140-933e-2a19f2a2122d}</UniqueIdentifier>
    </Filter>
    <Filter Include="210428\2DGameFramework\SingletonBase">
      <UniqueIdentifier>{93fbbb59-52ba-4aa0-a824-27e199effec7}</UniqueIdentifier>
    </Filter>
    <Filter Include="210428\playGround">
      <UniqueIdentifier>{afd6986f-b737-49cf-9446-48a22f3b3add}</UniqueIdentifier>
    </Filter>
  </ItemGroup>
  <ItemGroup>
    <ClInclude Include="targetver.h">
      <Filter>헤더 파일</Filter>
    </ClInclude>
    <ClInclude Include="Resource.h">
      <Filter>헤더 파일</Filter>
    </ClInclude>
    <ClInclude Include="stdafx.h">
      <Filter>헤더 파일</Filter>
    </ClInclude>
    <ClInclude Include="commonMacroFunction.h">
      <Filter>헤더 파일</Filter>
    </ClInclude>
    <ClInclude Include="randomFunction.h">
      <Filter>헤더 파일</Filter>
    </ClInclude>
    <ClInclude Include="gameNode.h">
      <Filter>210428\2DGameFramework</Filter>
    </ClInclude>
    <ClInclude Include="keyManager.h">
      <Filter>210428\2DGameFramework\Manager</Filter>
    </ClInclude>
    <ClInclude Include="playGround.h">
      <Filter>210428\playGround</Filter>
    </ClInclude>
    <ClInclude Include="singletonBase.h">
      <Filter>210428\2DGameFramework\SingletonBase</Filter>
    </ClInclude>
  </ItemGroup>
  <ItemGroup>
    <ClCompile Include="stdafx.cpp">
      <Filter>소스 파일</Filter>
    </ClCompile>
    <ClCompile Include="210426 API.cpp">
      <Filter>소스 파일</Filter>
    </ClCompile>
    <ClCompile Include="210423 API.cpp">
      <Filter>소스 파일</Filter>
    </ClCompile>
    <ClCompile Include="210426 API2.cpp">
      <Filter>소스 파일</Filter>
    </ClCompile>
    <ClCompile Include="210427 API.cpp">
      <Filter>소스 파일</Filter>
    </ClCompile>
    <ClCompile Include="210427 API homework1 myself .cpp">
      <Filter>소스 파일</Filter>
    </ClCompile>
    <ClCompile Include="210427 API homework2 myself.cpp">
      <Filter>소스 파일</Filter>
    </ClCompile>
    <ClCompile Include="210427 API homework2 myself2.cpp">
      <Filter>소스 파일</Filter>
    </ClCompile>
    <ClCompile Include="210428 API Class.cpp">
      <Filter>210428\2DGameFramework</Filter>
    </ClCompile>
    <ClCompile Include="2gameNode.cpp">
      <Filter>소스 파일</Filter>
    </ClCompile>
    <ClCompile Include="gameNode.cpp">
      <Filter>210428\2DGameFramework</Filter>
    </ClCompile>
    <ClCompile Include="keyManager.cpp">
      <Filter>210428\2DGameFramework\Manager</Filter>
    </ClCompile>
    <ClCompile Include="playGround.cpp">
      <Filter>210428\playGround</Filter>
    </ClCompile>
  </ItemGroup>
  <ItemGroup>
    <ResourceCompile Include="WindowAPI.rc">
      <Filter>리소스 파일</Filter>
    </ResourceCompile>
  </ItemGroup>
  <ItemGroup>
    <Image Include="small.ico">
      <Filter>리소스 파일</Filter>
    </Image>
    <Image Include="WindowAPI.ico">
      <Filter>리소스 파일</Filter>
    </Image>
  </ItemGroup>
</Project>