<?xml version="1.0" encoding="utf-8"?>
<Project ToolsVersion="4.0" xmlns="http://schemas.microsoft.com/developer/msbuild/2003">
  <ItemGroup>
    <Filter Include="소스 파일">
      <UniqueIdentifier>{4FC737F1-C7A5-4376-A066-2A32D752A2FF}</UniqueIdentifier>
      <Extensions>cpp;c;cc;cxx;def;odl;idl;hpj;bat;asm;asmx</Extensions>
    </Filter>
    <Filter Include="헤더 파일">
      <UniqueIdentifier>{93995380-89BD-4b04-88EB-625FBE52EBFB}</UniqueIdentifier>
      <Extensions>h;hh;hpp;hxx;hm;inl;inc;ipp;xsd</Extensions>
    </Filter>
    <Filter Include="리소스 파일">
      <UniqueIdentifier>{67DA6AB6-F800-4c08-8B7A-83BB121AAD01}</UniqueIdentifier>
      <Extensions>rc;ico;cur;bmp;dlg;rc2;rct;bin;rgs;gif;jpg;jpeg;jpe;resx;tiff;tif;png;wav;mfcribbon-ms</Extensions>
    </Filter>
    <Filter Include="소스 파일\21/04">
      <UniqueIdentifier>{a5b01625-1b47-4237-a60e-ad9546c335f1}</UniqueIdentifier>
    </Filter>
    <Filter Include="소스 파일\21/04\21/04/19">
      <UniqueIdentifier>{f0517d67-b568-4953-ade1-ded622648d6b}</UniqueIdentifier>
    </Filter>
    <Filter Include="헤더 파일\21/04">
      <UniqueIdentifier>{5de9e07f-da8a-4acd-8462-7d21e5fe2826}</UniqueIdentifier>
    </Filter>
    <Filter Include="헤더 파일\21/04\21/04/19">
      <UniqueIdentifier>{bb15c273-ef26-4157-b3a4-dff67aec5339}</UniqueIdentifier>
    </Filter>
  </ItemGroup>
  <ItemGroup>
    <ClCompile Include="210408.cpp">
      <Filter>소스 파일\21/04</Filter>
    </ClCompile>
    <ClCompile Include="210409.cpp">
      <Filter>소스 파일\21/04</Filter>
    </ClCompile>
    <ClCompile Include="210412.cpp">
      <Filter>소스 파일\21/04</Filter>
    </ClCompile>
    <ClCompile Include="210412_Bulls and Cows.cpp">
      <Filter>소스 파일\21/04</Filter>
    </ClCompile>
    <ClCompile Include="210413 Homework myself.cpp">
      <Filter>소스 파일\21/04</Filter>
    </ClCompile>
    <ClCompile Include="210413 Homework No Func.cpp">
      <Filter>소스 파일\21/04</Filter>
    </ClCompile>
    <ClCompile Include="210413 Homework Use Func.cpp">
      <Filter>소스 파일\21/04</Filter>
    </ClCompile>
    <ClCompile Include="210413.cpp">
      <Filter>소스 파일\21/04</Filter>
    </ClCompile>
    <ClCompile Include="210414 homework use internet.cpp">
      <Filter>소스 파일\21/04</Filter>
    </ClCompile>
    <ClCompile Include="210414 homework2 copy teacher.cpp">
      <Filter>소스 파일\21/04</Filter>
    </ClCompile>
    <ClCompile Include="210414 homework3 myself.cpp">
      <Filter>소스 파일\21/04</Filter>
    </ClCompile>
    <ClCompile Include="210414.cpp">
      <Filter>소스 파일\21/04</Filter>
    </ClCompile>
    <ClCompile Include="210415 homework myself.cpp">
      <Filter>소스 파일\21/04</Filter>
    </ClCompile>
    <ClCompile Include="210415 homework teacher.cpp">
      <Filter>소스 파일\21/04</Filter>
    </ClCompile>
    <ClCompile Include="210415.cpp">
      <Filter>소스 파일\21/04</Filter>
    </ClCompile>
    <ClCompile Include="210416 1.mainGame.cpp">
      <Filter>소스 파일\21/04</Filter>
    </ClCompile>
    <ClCompile Include="210416 2.CardGame.cpp">
      <Filter>소스 파일\21/04</Filter>
    </ClCompile>
    <ClCompile Include="210416 3.BowlingGame.cpp">
      <Filter>소스 파일\21/04</Filter>
    </ClCompile>
    <ClCompile Include="210416.cpp">
      <Filter>소스 파일\21/04</Filter>
    </ClCompile>
    <ClCompile Include="210419 2. motherclass.cpp">
      <Filter>소스 파일\21/04\21/04/19</Filter>
    </ClCompile>
    <ClCompile Include="210419 3. childClass.cpp">
      <Filter>소스 파일\21/04\21/04/19</Filter>
    </ClCompile>
    <ClCompile Include="210419 4. mainGame3.cpp">
      <Filter>소스 파일\21/04\21/04/19</Filter>
    </ClCompile>
    <ClCompile Include="210419 5. Elf.cpp">
      <Filter>소스 파일\21/04\21/04/19</Filter>
    </ClCompile>
    <ClCompile Include="210419 6. ElfArcher.cpp">
      <Filter>소스 파일\21/04\21/04/19</Filter>
    </ClCompile>
    <ClCompile Include="210419 6. ElvenKnight.cpp">
      <Filter>소스 파일\21/04\21/04/19</Filter>
    </ClCompile>
    <ClCompile Include="210419 7. mainGame4.cpp">
      <Filter>소스 파일\21/04\21/04/19</Filter>
    </ClCompile>
    <ClCompile Include="210419 8. Human.cpp">
      <Filter>소스 파일\21/04\21/04/19</Filter>
    </ClCompile>
    <ClCompile Include="210419 8. HumanAssassin.cpp">
      <Filter>소스 파일\21/04\21/04/19</Filter>
    </ClCompile>
    <ClCompile Include="210419 8. HumanNobility.cpp">
      <Filter>소스 파일\21/04\21/04/19</Filter>
    </ClCompile>
    <ClCompile Include="210419 9. Orc.cpp">
      <Filter>소스 파일\21/04\21/04/19</Filter>
    </ClCompile>
    <ClCompile Include="210419 9. OrcKing.cpp">
      <Filter>소스 파일\21/04\21/04/19</Filter>
    </ClCompile>
    <ClCompile Include="210419 9. OrcWarlock.cpp">
      <Filter>소스 파일\21/04\21/04/19</Filter>
    </ClCompile>
    <ClCompile Include="210419 1. mainGame.cpp">
      <Filter>소스 파일\21/04\21/04/19</Filter>
    </ClCompile>
    <ClCompile Include="210419 10. Middle_Angel.cpp">
      <Filter>소스 파일\21/04\21/04/19</Filter>
    </ClCompile>
    <ClCompile Include="210419 10. Angel.cpp">
      <Filter>소스 파일\21/04\21/04/19</Filter>
    </ClCompile>
    <ClCompile Include="210419 10. Higher_Angel.cpp">
      <Filter>소스 파일\21/04\21/04/19</Filter>
    </ClCompile>
    <ClCompile Include="210419.cpp">
      <Filter>소스 파일\21/04</Filter>
    </ClCompile>
    <ClCompile Include="210419 11. Middle_Devil.cpp">
      <Filter>소스 파일\21/04\21/04/19</Filter>
    </ClCompile>
    <ClCompile Include="210419 11. Higher_Devil.cpp">
      <Filter>소스 파일\21/04\21/04/19</Filter>
    </ClCompile>
    <ClCompile Include="210419 11. Devil.cpp">
      <Filter>소스 파일\21/04\21/04/19</Filter>
    </ClCompile>
  </ItemGroup>
  <ItemGroup>
    <ClInclude Include="210416 3.BowlingGame.h">
      <Filter>헤더 파일\21/04</Filter>
    </ClInclude>
    <ClInclude Include="210416 1.mainGame.h">
      <Filter>헤더 파일\21/04</Filter>
    </ClInclude>
    <ClInclude Include="210416 2.CardGame.h">
      <Filter>헤더 파일\21/04</Filter>
    </ClInclude>
    <ClInclude Include="210419 1. mainGame2.h">
      <Filter>헤더 파일\21/04\21/04/19</Filter>
    </ClInclude>
    <ClInclude Include="210419 2. motherclass.h">
      <Filter>헤더 파일\21/04\21/04/19</Filter>
    </ClInclude>
    <ClInclude Include="210419 3. childClass.h">
      <Filter>헤더 파일\21/04\21/04/19</Filter>
    </ClInclude>
    <ClInclude Include="210419 4. mainGame3.h">
      <Filter>헤더 파일\21/04\21/04/19</Filter>
    </ClInclude>
    <ClInclude Include="210419 5. Elf.h">
      <Filter>헤더 파일\21/04\21/04/19</Filter>
    </ClInclude>
    <ClInclude Include="210419 6. ElfArcher.h">
      <Filter>헤더 파일\21/04\21/04/19</Filter>
    </ClInclude>
    <ClInclude Include="210419 6. ElvenKnight.h">
      <Filter>헤더 파일\21/04\21/04/19</Filter>
    </ClInclude>
    <ClInclude Include="210419 7. mainGame4.h">
      <Filter>헤더 파일\21/04\21/04/19</Filter>
    </ClInclude>
    <ClInclude Include="210419 8. Human.h">
      <Filter>헤더 파일\21/04\21/04/19</Filter>
    </ClInclude>
    <ClInclude Include="210419 8. HumanAssassin.h">
      <Filter>헤더 파일\21/04\21/04/19</Filter>
    </ClInclude>
    <ClInclude Include="210419 8. HumanNobility.h">
      <Filter>헤더 파일\21/04\21/04/19</Filter>
    </ClInclude>
    <ClInclude Include="210419 9. Orc.h">
      <Filter>헤더 파일\21/04\21/04/19</Filter>
    </ClInclude>
    <ClInclude Include="210419 9. OrcKing.h">
      <Filter>헤더 파일\21/04\21/04/19</Filter>
    </ClInclude>
    <ClInclude Include="210419 9. OrcWarlock.h">
      <Filter>헤더 파일\21/04\21/04/19</Filter>
    </ClInclude>
    <ClInclude Include="210419 10. Angel.h">
      <Filter>헤더 파일\21/04\21/04/19</Filter>
    </ClInclude>
    <ClInclude Include="210419 10. Higher_Angel.h">
      <Filter>헤더 파일\21/04\21/04/19</Filter>
    </ClInclude>
    <ClInclude Include="210419 10. Middle_Angel.h">
      <Filter>헤더 파일\21/04\21/04/19</Filter>
    </ClInclude>
    <ClInclude Include="210419 11. Devil.h">
      <Filter>헤더 파일\21/04\21/04/19</Filter>
    </ClInclude>
    <ClInclude Include="210419 11. Higher_Devil.h">
      <Filter>헤더 파일\21/04\21/04/19</Filter>
    </ClInclude>
    <ClInclude Include="210419 11. Middle_Devil.h">
      <Filter>헤더 파일\21/04\21/04/19</Filter>
    </ClInclude>
  </ItemGroup>
</Project>